
Microsoft Visual Studio Solution File, Format Version 12.00
# Visual Studio Version 17
VisualStudioVersion = 17.14.36109.1 d17.14
MinimumVisualStudioVersion = 10.0.40219.1
Project("{8BC9CEB8-8B4A-11D0-8D11-00A0C91BC942}") = "bai_tap_struct 2", "bai_tap_struct 2.vcxproj", "{3F909BF1-5CD0-4BB9-974B-4B3FD677BA36}"
EndProject
Global
	GlobalSection(SolutionConfigurationPlatforms) = preSolution
		Debug|x64 = Debug|x64
		Debug|x86 = Debug|x86
		Release|x64 = Release|x64
		Release|x86 = Release|x86
	EndGlobalSection
	GlobalSection(ProjectConfigurationPlatforms) = postSolution
		{3F909BF1-5CD0-4BB9-974B-4B3FD677BA36}.Debug|x64.ActiveCfg = Debug|x64
		{3F909BF1-5CD0-4BB9-974B-4B3FD677BA36}.Debug|x64.Build.0 = Debug|x64
		{3F909BF1-5CD0-4BB9-974B-4B3FD677BA36}.Debug|x86.ActiveCfg = Debug|Win32
		{3F909BF1-5CD0-4BB9-974B-4B3FD677BA36}.Debug|x86.Build.0 = Debug|Win32
		{3F909BF1-5CD0-4BB9-974B-4B3FD677BA36}.Release|x64.ActiveCfg = Release|x64
		{3F909BF1-5CD0-4BB9-974B-4B3FD677BA36}.Release|x64.Build.0 = Release|x64
		{3F909BF1-5CD0-4BB9-974B-4B3FD677BA36}.Release|x86.ActiveCfg = Release|Win32
		{3F909BF1-5CD0-4BB9-974B-4B3FD677BA36}.Release|x86.Build.0 = Release|Win32
	EndGlobalSection
	GlobalSection(SolutionProperties) = preSolution
		HideSolutionNode = FALSE
	EndGlobalSection
	GlobalSection(ExtensibilityGlobals) = postSolution
		SolutionGuid = {F2617120-E5B3-4394-9D3D-13776B435B03}
	EndGlobalSection
EndGlobal
